// !$*UTF8*$!
{
	archiveVersion = 1;
	classes = {
	};
	objectVersion = 50;
	objects = {

/* Begin PBXBuildFile section */
		AFC67512208E2257009FD111 /* AppDelegate.swift in Sources */ = {isa = PBXBuildFile; fileRef = AFC67511208E2257009FD111 /* AppDelegate.swift */; };
		AFC67514208E2257009FD111 /* ViewController.swift in Sources */ = {isa = PBXBuildFile; fileRef = AFC67513208E2257009FD111 /* ViewController.swift */; };
		AFC67517208E2257009FD111 /* Main.storyboard in Resources */ = {isa = PBXBuildFile; fileRef = AFC67515208E2257009FD111 /* Main.storyboard */; };
		AFC67519208E2259009FD111 /* Assets.xcassets in Resources */ = {isa = PBXBuildFile; fileRef = AFC67518208E2259009FD111 /* Assets.xcassets */; };
		AFC6751C208E2259009FD111 /* LaunchScreen.storyboard in Resources */ = {isa = PBXBuildFile; fileRef = AFC6751A208E2259009FD111 /* LaunchScreen.storyboard */; };
		AFC67524208E2C8D009FD111 /* DayView.xib in Resources */ = {isa = PBXBuildFile; fileRef = AFC67523208E2C8D009FD111 /* DayView.xib */; };
		AFC67526208E3060009FD111 /* DayView.swift in Sources */ = {isa = PBXBuildFile; fileRef = AFC67525208E3060009FD111 /* DayView.swift */; };
/* End PBXBuildFile section */

/* Begin PBXFileReference section */
		AFC6750E208E2257009FD111 /* ScrollingInHorizontalStackView.app */ = {isa = PBXFileReference; explicitFileType = wrapper.application; includeInIndex = 0; path = ScrollingInHorizontalStackView.app; sourceTree = BUILT_PRODUCTS_DIR; };
		AFC67511208E2257009FD111 /* AppDelegate.swift */ = {isa = PBXFileReference; lastKnownFileType = sourcecode.swift; path = AppDelegate.swift; sourceTree = "<group>"; };
		AFC67513208E2257009FD111 /* ViewController.swift */ = {isa = PBXFileReference; lastKnownFileType = sourcecode.swift; path = ViewController.swift; sourceTree = "<group>"; };
		AFC67516208E2257009FD111 /* Base */ = {isa = PBXFileReference; lastKnownFileType = file.storyboard; name = Base; path = Base.lproj/Main.storyboard; sourceTree = "<group>"; };
		AFC67518208E2259009FD111 /* Assets.xcassets */ = {isa = PBXFileReference; lastKnownFileType = folder.assetcatalog; path = Assets.xcassets; sourceTree = "<group>"; };
		AFC6751B208E2259009FD111 /* Base */ = {isa = PBXFileReference; lastKnownFileType = file.storyboard; name = Base; path = Base.lproj/LaunchScreen.storyboard; sourceTree = "<group>"; };
		AFC6751D208E2259009FD111 /* Info.plist */ = {isa = PBXFileReference; lastKnownFileType = text.plist.xml; path = Info.plist; sourceTree = "<group>"; };
		AFC67523208E2C8D009FD111 /* DayView.xib */ = {isa = PBXFileReference; lastKnownFileType = file.xib; path = DayView.xib; sourceTree = "<group>"; };
		AFC67525208E3060009FD111 /* DayView.swift */ = {isa = PBXFileReference; lastKnownFileType = sourcecode.swift; path = DayView.swift; sourceTree = "<group>"; };
/* End PBXFileReference section */

/* Begin PBXFrameworksBuildPhase section */
		AFC6750B208E2257009FD111 /* Frameworks */ = {
			isa = PBXFrameworksBuildPhase;
			buildActionMask = 2147483647;
			files = (
			);
			runOnlyForDeploymentPostprocessing = 0;
		};
/* End PBXFrameworksBuildPhase section */

/* Begin PBXGroup section */
		AFC67505208E2257009FD111 = {
			isa = PBXGroup;
			children = (
				AFC67510208E2257009FD111 /* ScrollingInHorizontalStackView */,
				AFC6750F208E2257009FD111 /* Products */,
			);
			sourceTree = "<group>";
		};
		AFC6750F208E2257009FD111 /* Products */ = {
			isa = PBXGroup;
			children = (
				AFC6750E208E2257009FD111 /* ScrollingInHorizontalStackView.app */,
			);
			name = Products;
			sourceTree = "<group>";
		};
		AFC67510208E2257009FD111 /* ScrollingInHorizontalStackView */ = {
			isa = PBXGroup;
			children = (
				AFC67511208E2257009FD111 /* AppDelegate.swift */,
				AFC67513208E2257009FD111 /* ViewController.swift */,
				AFC67523208E2C8D009FD111 /* DayView.xib */,
				AFC67525208E3060009FD111 /* DayView.swift */,
				AFC67515208E2257009FD111 /* Main.storyboard */,
				AFC67518208E2259009FD111 /* Assets.xcassets */,
				AFC6751A208E2259009FD111 /* LaunchScreen.storyboard */,
				AFC6751D208E2259009FD111 /* Info.plist */,
			);
			path = ScrollingInHorizontalStackView;
			sourceTree = "<group>";
		};
/* End PBXGroup section */

/* Begin PBXNativeTarget section */
		AFC6750D208E2257009FD111 /* ScrollingInHorizontalStackView */ = {
			isa = PBXNativeTarget;
			buildConfigurationList = AFC67520208E2259009FD111 /* Build configuration list for PBXNativeTarget "ScrollingInHorizontalStackView" */;
			buildPhases = (
				AFC6750A208E2257009FD111 /* Sources */,
				AFC6750B208E2257009FD111 /* Frameworks */,
				AFC6750C208E2257009FD111 /* Resources */,
			);
			buildRules = (
			);
			dependencies = (
			);
			name = ScrollingInHorizontalStackView;
			productName = ScrollingInHorizontalStackView;
			productReference = AFC6750E208E2257009FD111 /* ScrollingInHorizontalStackView.app */;
			productType = "com.apple.product-type.application";
		};
/* End PBXNativeTarget section */

/* Begin PBXProject section */
		AFC67506208E2257009FD111 /* Project object */ = {
			isa = PBXProject;
			attributes = {
				LastSwiftUpdateCheck = 0930;
				LastUpgradeCheck = 0930;
				ORGANIZATIONNAME = "Mufakkharul Islam Nayem";
				TargetAttributes = {
					AFC6750D208E2257009FD111 = {
						CreatedOnToolsVersion = 9.3;
					};
				};
			};
			buildConfigurationList = AFC67509208E2257009FD111 /* Build configuration list for PBXProject "ScrollingInHorizontalStackView" */;
			compatibilityVersion = "Xcode 9.3";
			developmentRegion = en;
			hasScannedForEncodings = 0;
			knownRegions = (
				en,
				Base,
			);
			mainGroup = AFC67505208E2257009FD111;
			productRefGroup = AFC6750F208E2257009FD111 /* Products */;
			projectDirPath = "";
			projectRoot = "";
			targets = (
				AFC6750D208E2257009FD111 /* ScrollingInHorizontalStackView */,
			);
		};
/* End PBXProject section */

/* Begin PBXResourcesBuildPhase section */
		AFC6750C208E2257009FD111 /* Resources */ = {
			isa = PBXResourcesBuildPhase;
			buildActionMask = 2147483647;
			files = (
				AFC6751C208E2259009FD111 /* LaunchScreen.storyboard in Resources */,
				AFC67524208E2C8D009FD111 /* DayView.xib in Resources */,
				AFC67519208E2259009FD111 /* Assets.xcassets in Resources */,
				AFC67517208E2257009FD111 /* Main.storyboard in Resources */,
			);
			runOnlyForDeploymentPostprocessing = 0;
		};
/* End PBXResourcesBuildPhase section */

/* Begin PBXSourcesBuildPhase section */
		AFC6750A208E2257009FD111 /* Sources */ = {
			isa = PBXSourcesBuildPhase;
			buildActionMask = 2147483647;
			files = (
				AFC67514208E2257009FD111 /* ViewController.swift in Sources */,
				AFC67526208E3060009FD111 /* DayView.swift in Sources */,
				AFC67512208E2257009FD111 /* AppDelegate.swift in Sources */,
			);
			runOnlyForDeploymentPostprocessing = 0;
		};
/* End PBXSourcesBuildPhase section */

/* Begin PBXVariantGroup section */
		AFC67515208E2257009FD111 /* Main.storyboard */ = {
			isa = PBXVariantGroup;
			children = (
				AFC67516208E2257009FD111 /* Base */,
			);
			name = Main.storyboard;
			sourceTree = "<group>";
		};
		AFC6751A208E2259009FD111 /* LaunchScreen.storyboard */ = {
			isa = PBXVariantGroup;
			children = (
				AFC6751B208E2259009FD111 /* Base */,
			);
			name = LaunchScreen.storyboard;
			sourceTree = "<group>";
		};
/* End PBXVariantGroup section */

/* Begin XCBuildConfiguration section */
		AFC6751E208E2259009FD111 /* Debug */ = {
			isa = XCBuildConfiguration;
			buildSettings = {
				ALWAYS_SEARCH_USER_PATHS = NO;
				CLANG_ANALYZER_NONNULL = YES;
				CLANG_ANALYZER_NUMBER_OBJECT_CONVERSION = YES_AGGRESSIVE;
				CLANG_CXX_LANGUAGE_STANDARD = "gnu++14";
				CLANG_CXX_LIBRARY = "libc++";
				CLANG_ENABLE_MODULES = YES;
				CLANG_ENABLE_OBJC_ARC = YES;
				CLANG_ENABLE_OBJC_WEAK = YES;
				CLANG_WARN_BLOCK_CAPTURE_AUTORELEASING = YES;
				CLANG_WARN_BOOL_CONVERSION = YES;
				CLANG_WARN_COMMA = YES;
				CLANG_WARN_CONSTANT_CONVERSION = YES;
				CLANG_WARN_DEPRECATED_OBJC_IMPLEMENTATIONS = YES;
				CLANG_WARN_DIRECT_OBJC_ISA_USAGE = YES_ERROR;
				CLANG_WARN_DOCUMENTATION_COMMENTS = YES;
				CLANG_WARN_EMPTY_BODY = YES;
				CLANG_WARN_ENUM_CONVERSION = YES;
				CLANG_WARN_INFINITE_RECURSION = YES;
				CLANG_WARN_INT_CONVERSION = YES;
				CLANG_WARN_NON_LITERAL_NULL_CONVERSION = YES;
				CLANG_WARN_OBJC_IMPLICIT_RETAIN_SELF = YES;
				CLANG_WARN_OBJC_LITERAL_CONVERSION = YES;
				CLANG_WARN_OBJC_ROOT_CLASS = YES_ERROR;
				CLANG_WARN_RANGE_LOOP_ANALYSIS = YES;
				CLANG_WARN_STRICT_PROTOTYPES = YES;
				CLANG_WARN_SUSPICIOUS_MOVE = YES;
				CLANG_WARN_UNGUARDED_AVAILABILITY = YES_AGGRESSIVE;
				CLANG_WARN_UNREACHABLE_CODE = YES;
				CLANG_WARN__DUPLICATE_METHOD_MATCH = YES;
				CODE_SIGN_IDENTITY = "iPhone Developer";
				COPY_PHASE_STRIP = NO;
				DEBUG_INFORMATION_FORMAT = dwarf;
				ENABLE_STRICT_OBJC_MSGSEND = YES;
				ENABLE_TESTABILITY = YES;
				GCC_C_LANGUAGE_STANDARD = gnu11;
				GCC_DYNAMIC_NO_PIC = NO;
				GCC_NO_COMMON_BLOCKS = YES;
				GCC_OPTIMIZATION_LEVEL = 0;
				GCC_PREPROCESSOR_DEFINITIONS = (
					"DEBUG=1",
					"$(inherited)",
				);
				GCC_WARN_64_TO_32_BIT_CONVERSION = YES;
				GCC_WARN_ABOUT_RETURN_TYPE = YES_ERROR;
				GCC_WARN_UNDECLARED_SELECTOR = YES;
				GCC_WARN_UNINITIALIZED_AUTOS = YES_AGGRESSIVE;
				GCC_WARN_UNUSED_FUNCTION = YES;
				GCC_WARN_UNUSED_VARIABLE = YES;
				IPHONEOS_DEPLOYMENT_TARGET = 11.3;
				MTL_ENABLE_DEBUG_INFO = YES;
				ONLY_ACTIVE_ARCH = YES;
				SDKROOT = iphoneos;
				SWIFT_ACTIVE_COMPILATION_CONDITIONS = DEBUG;
				SWIFT_OPTIMIZATION_LEVEL = "-Onone";
			};
			name = Debug;
		};
		AFC6751F208E2259009FD111 /* Release */ = {
			isa = XCBuildConfiguration;
			buildSettings = {
				ALWAYS_SEARCH_USER_PATHS = NO;
				CLANG_ANALYZER_NONNULL = YES;
				CLANG_ANALYZER_NUMBER_OBJECT_CONVERSION = YES_AGGRESSIVE;
				CLANG_CXX_LANGUAGE_STANDARD = "gnu++14";
				CLANG_CXX_LIBRARY = "libc++";
				CLANG_ENABLE_MODULES = YES;
				CLANG_ENABLE_OBJC_ARC = YES;
				CLANG_ENABLE_OBJC_WEAK = YES;
				CLANG_WARN_BLOCK_CAPTURE_AUTORELEASING = YES;
				CLANG_WARN_BOOL_CONVERSION = YES;
				CLANG_WARN_COMMA = YES;
				CLANG_WARN_CONSTANT_CONVERSION = YES;
				CLANG_WARN_DEPRECATED_OBJC_IMPLEMENTATIONS = YES;
				CLANG_WARN_DIRECT_OBJC_ISA_USAGE = YES_ERROR;
				CLANG_WARN_DOCUMENTATION_COMMENTS = YES;
				CLANG_WARN_EMPTY_BODY = YES;
				CLANG_WARN_ENUM_CONVERSION = YES;
				CLANG_WARN_INFINITE_RECURSION = YES;
				CLANG_WARN_INT_CONVERSION = YES;
				CLANG_WARN_NON_LITERAL_NULL_CONVERSION = YES;
				CLANG_WARN_OBJC_IMPLICIT_RETAIN_SELF = YES;
				CLANG_WARN_OBJC_LITERAL_CONVERSION = YES;
				CLANG_WARN_OBJC_ROOT_CLASS = YES_ERROR;
				CLANG_WARN_RANGE_LOOP_ANALYSIS = YES;
				CLANG_WARN_STRICT_PROTOTYPES = YES;
				CLANG_WARN_SUSPICIOUS_MOVE = YES;
				CLANG_WARN_UNGUARDED_AVAILABILITY = YES_AGGRESSIVE;
				CLANG_WARN_UNREACHABLE_CODE = YES;
				CLANG_WARN__DUPLICATE_METHOD_MATCH = YES;
				CODE_SIGN_IDENTITY = "iPhone Developer";
				COPY_PHASE_STRIP = NO;
				DEBUG_INFORMATION_FORMAT = "dwarf-with-dsym";
				ENABLE_NS_ASSERTIONS = NO;
				ENABLE_STRICT_OBJC_MSGSEND = YES;
				GCC_C_LANGUAGE_STANDARD = gnu11;
				GCC_NO_COMMON_BLOCKS = YES;
				GCC_WARN_64_TO_32_BIT_CONVERSION = YES;
				GCC_WARN_ABOUT_RETURN_TYPE = YES_ERROR;
				GCC_WARN_UNDECLARED_SELECTOR = YES;
				GCC_WARN_UNINITIALIZED_AUTOS = YES_AGGRESSIVE;
				GCC_WARN_UNUSED_FUNCTION = YES;
				GCC_WARN_UNUSED_VARIABLE = YES;
				IPHONEOS_DEPLOYMENT_TARGET = 11.3;
				MTL_ENABLE_DEBUG_INFO = NO;
				SDKROOT = iphoneos;
				SWIFT_COMPILATION_MODE = wholemodule;
				SWIFT_OPTIMIZATION_LEVEL = "-O";
				VALIDATE_PRODUCT = YES;
			};
			name = Release;
		};
		AFC67521208E2259009FD111 /* Debug */ = {
			isa = XCBuildConfiguration;
			buildSettings = {
				ASSETCATALOG_COMPILER_APPICON_NAME = AppIcon;
				CODE_SIGN_STYLE = Automatic;
				DEVELOPMENT_TEAM = EJHMZ3UG6B;
				INFOPLIST_FILE = ScrollingInHorizontalStackView/Info.plist;
				LD_RUNPATH_SEARCH_PATHS = (
					"$(inherited)",
					"@executable_path/Frameworks",
				);
				PRODUCT_BUNDLE_IDENTIFIER = com.nayem.ScrollingInHorizontalStackView;
				PRODUCT_NAME = "$(TARGET_NAME)";
				SWIFT_VERSION = 4.0;
				TARGETED_DEVICE_FAMILY = "1,2";
			};
			name = Debug;
		};
		AFC67522208E2259009FD111 /* Release */ = {
			isa = XCBuildConfiguration;
			buildSettings = {
				ASSETCATALOG_COMPILER_APPICON_NAME = AppIcon;
				CODE_SIGN_STYLE = Automatic;
				DEVELOPMENT_TEAM = EJHMZ3UG6B;
				INFOPLIST_FILE = ScrollingInHorizontalStackView/Info.plist;
				LD_RUNPATH_SEARCH_PATHS = (
					"$(inherited)",
					"@executable_path/Frameworks",
				);
				PRODUCT_BUNDLE_IDENTIFIER = com.nayem.ScrollingInHorizontalStackView;
				PRODUCT_NAME = "$(TARGET_NAME)";
				SWIFT_VERSION = 4.0;
				TARGETED_DEVICE_FAMILY = "1,2";
			};
			name = Release;
		};
/* End XCBuildConfiguration section */

/* Begin XCConfigurationList section */
		AFC67509208E2257009FD111 /* Build configuration list for PBXProject "ScrollingInHorizontalStackView" */ = {
			isa = XCConfigurationList;
			buildConfigurations = (
				AFC6751E208E2259009FD111 /* Debug */,
				AFC6751F208E2259009FD111 /* Release */,
			);
			defaultConfigurationIsVisible = 0;
			defaultConfigurationName = Release;
		};
		AFC67520208E2259009FD111 /* Build configuration list for PBXNativeTarget "ScrollingInHorizontalStackView" */ = {
			isa = XCConfigurationList;
			buildConfigurations = (
				AFC67521208E2259009FD111 /* Debug */,
				AFC67522208E2259009FD111 /* Release */,
			);
			defaultConfigurationIsVisible = 0;
			defaultConfigurationName = Release;
		};
/* End XCConfigurationList section */
	};
	rootObject = AFC67506208E2257009FD111 /* Project object */;
}
